
Microsoft Visual Studio Solution File, Format Version 12.00
# Visual Studio Version 16
VisualStudioVersion = 16.0.30309.148
MinimumVisualStudioVersion = 10.0.40219.1
Project("{8BC9CEB8-8B4A-11D0-8D11-00A0C91BC942}") = "Lab_1", "OOP\OOP.vcxproj", "{976DB9B0-2A9E-4805-8E58-87218A510660}"
EndProject
Project("{8BC9CEB8-8B4A-11D0-8D11-00A0C91BC942}") = "Lab_2", "Lab_2\Lab_2.vcxproj", "{C0729911-CB59-43F3-A66A-38564BFDBCCB}"
EndProject
Project("{8BC9CEB8-8B4A-11D0-8D11-00A0C91BC942}") = "Lab_3", "Lab_3\Lab_3.vcxproj", "{B6CE6562-B473-4430-996B-D2A3047607BC}"
EndProject
Project("{8BC9CEB8-8B4A-11D0-8D11-00A0C91BC942}") = "Lab_4", "Lab_4\Lab_4.vcxproj", "{ACCD57C1-009D-438B-B174-93E1149955D8}"
EndProject
Project("{8BC9CEB8-8B4A-11D0-8D11-00A0C91BC942}") = "Lab_5", "Lab_5\Lab_5.vcxproj", "{CC6E2F6C-CF2C-4162-98D9-436594008991}"
EndProject
Global
	GlobalSection(SolutionConfigurationPlatforms) = preSolution
		Debug|x64 = Debug|x64
		Debug|x86 = Debug|x86
		Release|x64 = Release|x64
		Release|x86 = Release|x86
	EndGlobalSection
	GlobalSection(ProjectConfigurationPlatforms) = postSolution
		{976DB9B0-2A9E-4805-8E58-87218A510660}.Debug|x64.ActiveCfg = Debug|x64
		{976DB9B0-2A9E-4805-8E58-87218A510660}.Debug|x64.Build.0 = Debug|x64
		{976DB9B0-2A9E-4805-8E58-87218A510660}.Debug|x86.ActiveCfg = Debug|Win32
		{976DB9B0-2A9E-4805-8E58-87218A510660}.Debug|x86.Build.0 = Debug|Win32
		{976DB9B0-2A9E-4805-8E58-87218A510660}.Release|x64.ActiveCfg = Release|x64
		{976DB9B0-2A9E-4805-8E58-87218A510660}.Release|x64.Build.0 = Release|x64
		{976DB9B0-2A9E-4805-8E58-87218A510660}.Release|x86.ActiveCfg = Release|Win32
		{976DB9B0-2A9E-4805-8E58-87218A510660}.Release|x86.Build.0 = Release|Win32
		{C0729911-CB59-43F3-A66A-38564BFDBCCB}.Debug|x64.ActiveCfg = Debug|x64
		{C0729911-CB59-43F3-A66A-38564BFDBCCB}.Debug|x64.Build.0 = Debug|x64
		{C0729911-CB59-43F3-A66A-38564BFDBCCB}.Debug|x86.ActiveCfg = Debug|Win32
		{C0729911-CB59-43F3-A66A-38564BFDBCCB}.Debug|x86.Build.0 = Debug|Win32
		{C0729911-CB59-43F3-A66A-38564BFDBCCB}.Release|x64.ActiveCfg = Release|x64
		{C0729911-CB59-43F3-A66A-38564BFDBCCB}.Release|x64.Build.0 = Release|x64
		{C0729911-CB59-43F3-A66A-38564BFDBCCB}.Release|x86.ActiveCfg = Release|Win32
		{C0729911-CB59-43F3-A66A-38564BFDBCCB}.Release|x86.Build.0 = Release|Win32
		{B6CE6562-B473-4430-996B-D2A3047607BC}.Debug|x64.ActiveCfg = Debug|x64
		{B6CE6562-B473-4430-996B-D2A3047607BC}.Debug|x64.Build.0 = Debug|x64
		{B6CE6562-B473-4430-996B-D2A3047607BC}.Debug|x86.ActiveCfg = Debug|Win32
		{B6CE6562-B473-4430-996B-D2A3047607BC}.Debug|x86.Build.0 = Debug|Win32
		{B6CE6562-B473-4430-996B-D2A3047607BC}.Release|x64.ActiveCfg = Release|x64
		{B6CE6562-B473-4430-996B-D2A3047607BC}.Release|x64.Build.0 = Release|x64
		{B6CE6562-B473-4430-996B-D2A3047607BC}.Release|x86.ActiveCfg = Release|Win32
		{B6CE6562-B473-4430-996B-D2A3047607BC}.Release|x86.Build.0 = Release|Win32
		{ACCD57C1-009D-438B-B174-93E1149955D8}.Debug|x64.ActiveCfg = Debug|x64
		{ACCD57C1-009D-438B-B174-93E1149955D8}.Debug|x64.Build.0 = Debug|x64
		{ACCD57C1-009D-438B-B174-93E1149955D8}.Debug|x86.ActiveCfg = Debug|Win32
		{ACCD57C1-009D-438B-B174-93E1149955D8}.Debug|x86.Build.0 = Debug|Win32
		{ACCD57C1-009D-438B-B174-93E1149955D8}.Release|x64.ActiveCfg = Release|x64
		{ACCD57C1-009D-438B-B174-93E1149955D8}.Release|x64.Build.0 = Release|x64
		{ACCD57C1-009D-438B-B174-93E1149955D8}.Release|x86.ActiveCfg = Release|Win32
		{ACCD57C1-009D-438B-B174-93E1149955D8}.Release|x86.Build.0 = Release|Win32
		{CC6E2F6C-CF2C-4162-98D9-436594008991}.Debug|x64.ActiveCfg = Debug|x64
		{CC6E2F6C-CF2C-4162-98D9-436594008991}.Debug|x64.Build.0 = Debug|x64
		{CC6E2F6C-CF2C-4162-98D9-436594008991}.Debug|x86.ActiveCfg = Debug|Win32
		{CC6E2F6C-CF2C-4162-98D9-436594008991}.Debug|x86.Build.0 = Debug|Win32
		{CC6E2F6C-CF2C-4162-98D9-436594008991}.Release|x64.ActiveCfg = Release|x64
		{CC6E2F6C-CF2C-4162-98D9-436594008991}.Release|x64.Build.0 = Release|x64
		{CC6E2F6C-CF2C-4162-98D9-436594008991}.Release|x86.ActiveCfg = Release|Win32
		{CC6E2F6C-CF2C-4162-98D9-436594008991}.Release|x86.Build.0 = Release|Win32
	EndGlobalSection
	GlobalSection(SolutionProperties) = preSolution
		HideSolutionNode = FALSE
	EndGlobalSection
	GlobalSection(ExtensibilityGlobals) = postSolution
		SolutionGuid = {7D97BE43-D7E2-48C3-9390-68F2EF395D20}
	EndGlobalSection
EndGlobal
